<?xml version="1.0" encoding="utf-8"?>
<Project ToolsVersion="4.0" xmlns="http://schemas.microsoft.com/developer/msbuild/2003">
  <ItemGroup>
    <Filter Include="Source Files">
      <UniqueIdentifier>{4FC737F1-C7A5-4376-A066-2A32D752A2FF}</UniqueIdentifier>
      <Extensions>cpp;c;cc;cxx;c++;cppm;ixx;def;odl;idl;hpj;bat;asm;asmx</Extensions>
    </Filter>
    <Filter Include="Header Files">
      <UniqueIdentifier>{93995380-89BD-4b04-88EB-625FBE52EBFB}</UniqueIdentifier>
      <Extensions>h;hh;hpp;hxx;h++;hm;inl;inc;ipp;xsd</Extensions>
    </Filter>
    <Filter Include="Resource Files">
      <UniqueIdentifier>{67DA6AB6-F800-4c08-8B7A-83BB121AAD01}</UniqueIdentifier>
      <Extensions>rc;ico;cur;bmp;dlg;rc2;rct;bin;rgs;gif;jpg;jpeg;jpe;resx;tiff;tif;png;wav;mfcribbon-ms</Extensions>
    </Filter>
    <Filter Include="Source Files\imgui">
      <UniqueIdentifier>{3205c14a-b757-4c48-92ac-c7103b1aff9b}</UniqueIdentifier>
    </Filter>
    <Filter Include="Header Files\imgui">
      <UniqueIdentifier>{4299a76c-b302-42f4-bba3-4311439fbab2}</UniqueIdentifier>
    </Filter>
    <Filter Include="Resource Files\shaders">
      <UniqueIdentifier>{a3b56cc7-df53-4912-a747-d3571bd14206}</UniqueIdentifier>
    </Filter>
    <Filter Include="Resource Files\Data Files">
      <UniqueIdentifier>{83d9ca28-bb91-4a88-8643-8e2d99daf76e}</UniqueIdentifier>
    </Filter>
    <Filter Include="Resource Files\Data Files\textures">
      <UniqueIdentifier>{d99850f0-049a-4f71-b3a3-373ec4301020}</UniqueIdentifier>
    </Filter>
  </ItemGroup>
  <ItemGroup>
    <ClCompile Include="..\..\..\Users\melvi\OneDrive\Documents\OpenGL\imgui.cpp">
      <Filter>Source Files\imgui</Filter>
    </ClCompile>
    <ClCompile Include="..\..\..\Users\melvi\OneDrive\Documents\OpenGL\imgui_demo.cpp">
      <Filter>Source Files\imgui</Filter>
    </ClCompile>
    <ClCompile Include="..\..\..\Users\melvi\OneDrive\Documents\OpenGL\imgui_draw.cpp">
      <Filter>Source Files\imgui</Filter>
    </ClCompile>
    <ClCompile Include="..\..\..\Users\melvi\OneDrive\Documents\OpenGL\imgui_impl_glfw.cpp">
      <Filter>Source Files\imgui</Filter>
    </ClCompile>
    <ClCompile Include="..\..\..\Users\melvi\OneDrive\Documents\OpenGL\imgui_impl_opengl3.cpp">
      <Filter>Source Files\imgui</Filter>
    </ClCompile>
    <ClCompile Include="..\..\..\Users\melvi\OneDrive\Documents\OpenGL\imgui_tables.cpp">
      <Filter>Source Files\imgui</Filter>
    </ClCompile>
    <ClCompile Include="..\..\..\Users\melvi\OneDrive\Documents\OpenGL\imgui_widgets.cpp">
      <Filter>Source Files\imgui</Filter>
    </ClCompile>
    <ClCompile Include="main.cpp">
      <Filter>Source Files</Filter>
    </ClCompile>
    <ClCompile Include="stb_Implementation.cpp">
      <Filter>Source Files</Filter>
    </ClCompile>
    <ClCompile Include="EntityRegistry.cpp">
      <Filter>Source Files</Filter>
    </ClCompile>
    <ClCompile Include="Renderer.cpp">
      <Filter>Source Files</Filter>
    </ClCompile>
    <ClCompile Include="PhysicsSystem.cpp">
      <Filter>Source Files</Filter>
    </ClCompile>
    <ClCompile Include="ResourceManager.cpp">
      <Filter>Source Files</Filter>
    </ClCompile>
    <ClCompile Include="Game.cpp">
      <Filter>Source Files</Filter>
    </ClCompile>
    <ClCompile Include="WorldSystem.cpp">
      <Filter>Source Files</Filter>
    </ClCompile>
    <ClCompile Include="AudioManager.cpp">
      <Filter>Source Files</Filter>
    </ClCompile>
    <ClCompile Include="GamestateManager.cpp">
      <Filter>Source Files</Filter>
    </ClCompile>
    <ClCompile Include="Menuui.cpp">
      <Filter>Source Files</Filter>
    </ClCompile>
  </ItemGroup>
  <ItemGroup>
    <ClInclude Include="..\..\..\Users\melvi\OneDrive\Documents\OpenGL\includes\Imgui\imconfig.h">
      <Filter>Header Files\imgui</Filter>
    </ClInclude>
    <ClInclude Include="..\..\..\Users\melvi\OneDrive\Documents\OpenGL\includes\Imgui\imgui.h">
      <Filter>Header Files\imgui</Filter>
    </ClInclude>
    <ClInclude Include="..\..\..\Users\melvi\OneDrive\Documents\OpenGL\includes\Imgui\imgui_impl_glfw.h">
      <Filter>Header Files\imgui</Filter>
    </ClInclude>
    <ClInclude Include="..\..\..\Users\melvi\OneDrive\Documents\OpenGL\includes\Imgui\imgui_impl_opengl3.h">
      <Filter>Header Files\imgui</Filter>
    </ClInclude>
    <ClInclude Include="..\..\..\Users\melvi\OneDrive\Documents\OpenGL\includes\Imgui\imgui_impl_opengl3_loader.h">
      <Filter>Header Files\imgui</Filter>
    </ClInclude>
    <ClInclude Include="..\..\..\Users\melvi\OneDrive\Documents\OpenGL\includes\Imgui\imgui_internal.h">
      <Filter>Header Files\imgui</Filter>
    </ClInclude>
    <ClInclude Include="..\..\..\Users\melvi\OneDrive\Documents\OpenGL\includes\Imgui\imstb_rectpack.h">
      <Filter>Header Files\imgui</Filter>
    </ClInclude>
    <ClInclude Include="..\..\..\Users\melvi\OneDrive\Documents\OpenGL\includes\Imgui\imstb_textedit.h">
      <Filter>Header Files\imgui</Filter>
    </ClInclude>
    <ClInclude Include="..\..\..\Users\melvi\OneDrive\Documents\OpenGL\includes\Imgui\imstb_truetype.h">
      <Filter>Header Files\imgui</Filter>
    </ClInclude>
    <ClInclude Include="Core.h">
      <Filter>Header Files</Filter>
    </ClInclude>
    <ClInclude Include="Components.h">
      <Filter>Header Files</Filter>
    </ClInclude>
    <ClInclude Include="EntityRegistry.h">
      <Filter>Header Files</Filter>
    </ClInclude>
    <ClInclude Include="Renderer.h">
      <Filter>Header Files</Filter>
    </ClInclude>
    <ClInclude Include="PhysicsSystem.h">
      <Filter>Header Files</Filter>
    </ClInclude>
    <ClInclude Include="ResourceManager.h">
      <Filter>Header Files</Filter>
    </ClInclude>
    <ClInclude Include="Game.h">
      <Filter>Header Files</Filter>
    </ClInclude>
    <ClInclude Include="WorldSystem.h">
      <Filter>Header Files</Filter>
    </ClInclude>
    <ClInclude Include="stbimage.h">
      <Filter>Header Files</Filter>
    </ClInclude>
    <ClInclude Include="AudioManager.h">
      <Filter>Header Files</Filter>
    </ClInclude>
    <ClInclude Include="GamestateManager.h">
      <Filter>Header Files</Filter>
    </ClInclude>
    <ClInclude Include="Menuui.h">
      <Filter>Header Files</Filter>
    </ClInclude>
    <ClInclude Include="LaserSystem.h">
      <Filter>Header Files</Filter>
    </ClInclude>
    <ClInclude Include="StatsSystem.h">
      <Filter>Header Files</Filter>
    </ClInclude>
    <ClInclude Include="MagicSystem.h">
      <Filter>Header Files</Filter>
    </ClInclude>
    <ClInclude Include="DamageTextSystem.h">
      <Filter>Header Files</Filter>
    </ClInclude>
  </ItemGroup>
  <ItemGroup>
    <None Include="items.json">
      <Filter>Resource Files\Data Files</Filter>
    </None>
    <None Include="loot_tables.json">
      <Filter>Resource Files\Data Files</Filter>
    </None>
    <None Include="basic.frag">
      <Filter>Resource Files\shaders</Filter>
    </None>
    <None Include="basic.vert">
      <Filter>Resource Files\shaders</Filter>
    </None>
    <None Include="entity_templates.json">
      <Filter>Resource Files\Data Files</Filter>
    </None>
    <None Include="tiles.json">
      <Filter>Resource Files\Data Files</Filter>
    </None>
    <None Include="sprites.json">
      <Filter>Resource Files\Data Files</Filter>
    </None>
    <None Include="animations.json">
      <Filter>Resource Files\Data Files</Filter>
    </None>
    <None Include="..\..\My Textures\GUI_atlas.json">
      <Filter>Resource Files\Data Files\textures</Filter>
    </None>
  </ItemGroup>
  <ItemGroup>
    <Image Include="..\..\My Textures\GUI_atlas.png">
      <Filter>Resource Files\Data Files\textures</Filter>
    </Image>
  </ItemGroup>
</Project>